
Microsoft Visual Studio Solution File, Format Version 12.00
# Visual Studio Version 17
VisualStudioVersion = 17.14.36915.13 d17.14
MinimumVisualStudioVersion = 10.0.40219.1
Project("{FAE04EC0-301F-11D3-BF4B-00C04F79EFBC}") = "StudentRegistrationApplication", "StudentRegistrationApplication\StudentRegistrationApplication.csproj", "{EEC78EE6-A003-4C2D-9D2A-D7381ACC048E}"
EndProject
Global
	GlobalSection(SolutionConfigurationPlatforms) = preSolution
		Debug|Any CPU = Debug|Any CPU
		Release|Any CPU = Release|Any CPU
	EndGlobalSection
	GlobalSection(ProjectConfigurationPlatforms) = postSolution
		{EEC78EE6-A003-4C2D-9D2A-D7381ACC048E}.Debug|Any CPU.ActiveCfg = Debug|Any CPU
		{EEC78EE6-A003-4C2D-9D2A-D7381ACC048E}.Debug|Any CPU.Build.0 = Debug|Any CPU
		{EEC78EE6-A003-4C2D-9D2A-D7381ACC048E}.Release|Any CPU.ActiveCfg = Release|Any CPU
		{EEC78EE6-A003-4C2D-9D2A-D7381ACC048E}.Release|Any CPU.Build.0 = Release|Any CPU
	EndGlobalSection
	GlobalSection(SolutionProperties) = preSolution
		HideSolutionNode = FALSE
	EndGlobalSection
	GlobalSection(ExtensibilityGlobals) = postSolution
		SolutionGuid = {D6B86AAD-3534-41E4-A6FB-96A595B28FA7}
	EndGlobalSection
EndGlobal
